
Microsoft Visual Studio Solution File, Format Version 12.00
# Visual Studio Version 16
VisualStudioVersion = 16.0.31624.102
MinimumVisualStudioVersion = 10.0.40219.1
Project("{FAE04EC0-301F-11D3-BF4B-00C04F79EFBC}") = "DC-Wallet", "DC-Wallet\DC-Wallet.csproj", "{D604E5FD-DBD8-495E-888E-8BDBD7490DD8}"
EndProject
Project("{FAE04EC0-301F-11D3-BF4B-00C04F79EFBC}") = "DC-WALLET Back", "DC-WALLET Back\DC-WALLET Back.csproj", "{4B42EC25-83BE-40E5-9AB6-0E3D4006AD30}"
EndProject
Global
	GlobalSection(SolutionConfigurationPlatforms) = preSolution
		Debug|Any CPU = Debug|Any CPU
		Release|Any CPU = Release|Any CPU
	EndGlobalSection
	GlobalSection(ProjectConfigurationPlatforms) = postSolution
		{D604E5FD-DBD8-495E-888E-8BDBD7490DD8}.Debug|Any CPU.ActiveCfg = Debug|Any CPU
		{D604E5FD-DBD8-495E-888E-8BDBD7490DD8}.Debug|Any CPU.Build.0 = Debug|Any CPU
		{D604E5FD-DBD8-495E-888E-8BDBD7490DD8}.Release|Any CPU.ActiveCfg = Release|Any CPU
		{D604E5FD-DBD8-495E-888E-8BDBD7490DD8}.Release|Any CPU.Build.0 = Release|Any CPU
		{4B42EC25-83BE-40E5-9AB6-0E3D4006AD30}.Debug|Any CPU.ActiveCfg = Debug|Any CPU
		{4B42EC25-83BE-40E5-9AB6-0E3D4006AD30}.Debug|Any CPU.Build.0 = Debug|Any CPU
		{4B42EC25-83BE-40E5-9AB6-0E3D4006AD30}.Release|Any CPU.ActiveCfg = Release|Any CPU
		{4B42EC25-83BE-40E5-9AB6-0E3D4006AD30}.Release|Any CPU.Build.0 = Release|Any CPU
	EndGlobalSection
	GlobalSection(SolutionProperties) = preSolution
		HideSolutionNode = FALSE
	EndGlobalSection
	GlobalSection(ExtensibilityGlobals) = postSolution
		SolutionGuid = {875B044C-50FD-409C-887C-102873EAE7B3}
	EndGlobalSection
EndGlobal
