
Microsoft Visual Studio Solution File, Format Version 12.00
# Visual Studio Version 16
VisualStudioVersion = 16.0.31624.102
MinimumVisualStudioVersion = 10.0.40219.1
Project("{FAE04EC0-301F-11D3-BF4B-00C04F79EFBC}") = "DcWallet-BackEnd", "DcWallet-BackEnd.csproj", "{E04254F2-ACD7-4329-9B2B-BAA197D43609}"
EndProject
Global
	GlobalSection(SolutionConfigurationPlatforms) = preSolution
		Debug|Any CPU = Debug|Any CPU
		Release|Any CPU = Release|Any CPU
	EndGlobalSection
	GlobalSection(ProjectConfigurationPlatforms) = postSolution
		{E04254F2-ACD7-4329-9B2B-BAA197D43609}.Debug|Any CPU.ActiveCfg = Debug|Any CPU
		{E04254F2-ACD7-4329-9B2B-BAA197D43609}.Debug|Any CPU.Build.0 = Debug|Any CPU
		{E04254F2-ACD7-4329-9B2B-BAA197D43609}.Release|Any CPU.ActiveCfg = Release|Any CPU
		{E04254F2-ACD7-4329-9B2B-BAA197D43609}.Release|Any CPU.Build.0 = Release|Any CPU
	EndGlobalSection
	GlobalSection(SolutionProperties) = preSolution
		HideSolutionNode = FALSE
	EndGlobalSection
	GlobalSection(ExtensibilityGlobals) = postSolution
		SolutionGuid = {F1011E81-3F40-4AA5-839F-AE6D01FEAE77}
	EndGlobalSection
EndGlobal
